# This file is automatically @generated by Cargo.
# It is not intended for manual editing.
version = 4

[[package]]
name = "oafmt-cli"
version = "0.1.0"

[[package]]
name = "oafmt-core"
version = "0.1.0"

[[package]]
name = "oafmt-oas"
version = "0.1.0"

[[package]]
name = "oafmt-syntax"
version = "0.1.0"
